
Microsoft Visual Studio Solution File, Format Version 12.00
# Visual Studio Version 16
VisualStudioVersion = 16.0.31205.134
MinimumVisualStudioVersion = 10.0.40219.1
Project("{FAE04EC0-301F-11D3-BF4B-00C04F79EFBC}") = "팀프로젝트 서버", "팀프로젝트 서버\팀프로젝트 서버.csproj", "{8772D9AD-2D23-4738-A4F8-5E782F9F65A3}"
EndProject
Global
	GlobalSection(SolutionConfigurationPlatforms) = preSolution
		Debug|Any CPU = Debug|Any CPU
		Release|Any CPU = Release|Any CPU
	EndGlobalSection
	GlobalSection(ProjectConfigurationPlatforms) = postSolution
		{8772D9AD-2D23-4738-A4F8-5E782F9F65A3}.Debug|Any CPU.ActiveCfg = Debug|Any CPU
		{8772D9AD-2D23-4738-A4F8-5E782F9F65A3}.Debug|Any CPU.Build.0 = Debug|Any CPU
		{8772D9AD-2D23-4738-A4F8-5E782F9F65A3}.Release|Any CPU.ActiveCfg = Release|Any CPU
		{8772D9AD-2D23-4738-A4F8-5E782F9F65A3}.Release|Any CPU.Build.0 = Release|Any CPU
	EndGlobalSection
	GlobalSection(SolutionProperties) = preSolution
		HideSolutionNode = FALSE
	EndGlobalSection
	GlobalSection(ExtensibilityGlobals) = postSolution
		SolutionGuid = {6127C3B4-C045-4D9B-BD29-65A3F4390514}
	EndGlobalSection
EndGlobal
